
Microsoft Visual Studio Solution File, Format Version 10.00
# Visual Studio 2008
# SharpDevelop 3.2.0.5777
Project("{FAE04EC0-301F-11D3-BF4B-00C04F79EFBC}") = "LibraryTest", "LibraryTest\LibraryTest.csproj", "{449EF3E7-6E18-48BC-9245-61EB504A69F1}"
EndProject
Project("{FAE04EC0-301F-11D3-BF4B-00C04F79EFBC}") = "Library", "Library\Library.csproj", "{685E8EC2-6859-41BE-95B5-C5901F10473F}"
EndProject
Global
	GlobalSection(SolutionConfigurationPlatforms) = preSolution
		Debug|x86 = Debug|x86
		Release|x86 = Release|x86
	EndGlobalSection
	GlobalSection(ProjectConfigurationPlatforms) = postSolution
		{449EF3E7-6E18-48BC-9245-61EB504A69F1}.Debug|x86.Build.0 = Debug|x86
		{449EF3E7-6E18-48BC-9245-61EB504A69F1}.Debug|x86.ActiveCfg = Debug|x86
		{449EF3E7-6E18-48BC-9245-61EB504A69F1}.Release|x86.Build.0 = Release|x86
		{449EF3E7-6E18-48BC-9245-61EB504A69F1}.Release|x86.ActiveCfg = Release|x86
		{685E8EC2-6859-41BE-95B5-C5901F10473F}.Debug|x86.Build.0 = Debug|x86
		{685E8EC2-6859-41BE-95B5-C5901F10473F}.Debug|x86.ActiveCfg = Debug|x86
		{685E8EC2-6859-41BE-95B5-C5901F10473F}.Release|x86.Build.0 = Release|x86
		{685E8EC2-6859-41BE-95B5-C5901F10473F}.Release|x86.ActiveCfg = Release|x86
	EndGlobalSection
EndGlobal
